
Microsoft Visual Studio Solution File, Format Version 12.00
# Visual Studio 14
VisualStudioVersion = 14.0.25420.1
MinimumVisualStudioVersion = 10.0.40219.1
Project("{2150E333-8FDC-42A3-9474-1A3956D46DE8}") = "Engine", "Engine", "{4906422F-0394-48F9-9C34-E2BCFDCEBB54}"
EndProject
Project("{2150E333-8FDC-42A3-9474-1A3956D46DE8}") = "Games", "Games", "{CBD76338-AEEB-4566-B3F9-1E5D05C51496}"
EndProject
Project("{8BC9CEB8-8B4A-11D0-8D11-00A0C91BC942}") = "UE4", "Intermediate\ProjectFiles\UE4.vcxproj", "{142FAA99-AD7E-49A3-B4F5-9A426D53D471}"
EndProject
Project("{8BC9CEB8-8B4A-11D0-8D11-00A0C91BC942}") = "BuildingEscape", "Intermediate\ProjectFiles\BuildingEscape.vcxproj", "{D2442B6F-3B14-4532-9875-C8FD7CB3C3F9}"
EndProject
Global
	GlobalSection(SolutionConfigurationPlatforms) = preSolution
		DebugGame Editor|HTML5 = DebugGame Editor|HTML5
		DebugGame Editor|Win32 = DebugGame Editor|Win32
		DebugGame Editor|Win64 = DebugGame Editor|Win64
		DebugGame|HTML5 = DebugGame|HTML5
		DebugGame|Win32 = DebugGame|Win32
		DebugGame|Win64 = DebugGame|Win64
		Development Editor|HTML5 = Development Editor|HTML5
		Development Editor|Win32 = Development Editor|Win32
		Development Editor|Win64 = Development Editor|Win64
		Development|HTML5 = Development|HTML5
		Development|Win32 = Development|Win32
		Development|Win64 = Development|Win64
		Shipping|HTML5 = Shipping|HTML5
		Shipping|Win32 = Shipping|Win32
		Shipping|Win64 = Shipping|Win64
	EndGlobalSection
	GlobalSection(ProjectConfigurationPlatforms) = postSolution
		{142FAA99-AD7E-49A3-B4F5-9A426D53D471}.DebugGame Editor|HTML5.ActiveCfg = BuiltWithUnrealBuildTool|Win32
		{142FAA99-AD7E-49A3-B4F5-9A426D53D471}.DebugGame Editor|HTML5.Build.0 = BuiltWithUnrealBuildTool|Win32
		{142FAA99-AD7E-49A3-B4F5-9A426D53D471}.DebugGame Editor|Win32.ActiveCfg = BuiltWithUnrealBuildTool|Win32
		{142FAA99-AD7E-49A3-B4F5-9A426D53D471}.DebugGame Editor|Win32.Build.0 = BuiltWithUnrealBuildTool|Win32
		{142FAA99-AD7E-49A3-B4F5-9A426D53D471}.DebugGame Editor|Win64.ActiveCfg = BuiltWithUnrealBuildTool|Win32
		{142FAA99-AD7E-49A3-B4F5-9A426D53D471}.DebugGame Editor|Win64.Build.0 = BuiltWithUnrealBuildTool|Win32
		{142FAA99-AD7E-49A3-B4F5-9A426D53D471}.DebugGame|HTML5.ActiveCfg = BuiltWithUnrealBuildTool|Win32
		{142FAA99-AD7E-49A3-B4F5-9A426D53D471}.DebugGame|HTML5.Build.0 = BuiltWithUnrealBuildTool|Win32
		{142FAA99-AD7E-49A3-B4F5-9A426D53D471}.DebugGame|Win32.ActiveCfg = BuiltWithUnrealBuildTool|Win32
		{142FAA99-AD7E-49A3-B4F5-9A426D53D471}.DebugGame|Win32.Build.0 = BuiltWithUnrealBuildTool|Win32
		{142FAA99-AD7E-49A3-B4F5-9A426D53D471}.DebugGame|Win64.ActiveCfg = BuiltWithUnrealBuildTool|Win32
		{142FAA99-AD7E-49A3-B4F5-9A426D53D471}.DebugGame|Win64.Build.0 = BuiltWithUnrealBuildTool|Win32
		{142FAA99-AD7E-49A3-B4F5-9A426D53D471}.Development Editor|HTML5.ActiveCfg = BuiltWithUnrealBuildTool|Win32
		{142FAA99-AD7E-49A3-B4F5-9A426D53D471}.Development Editor|HTML5.Build.0 = BuiltWithUnrealBuildTool|Win32
		{142FAA99-AD7E-49A3-B4F5-9A426D53D471}.Development Editor|Win32.ActiveCfg = BuiltWithUnrealBuildTool|Win32
		{142FAA99-AD7E-49A3-B4F5-9A426D53D471}.Development Editor|Win32.Build.0 = BuiltWithUnrealBuildTool|Win32
		{142FAA99-AD7E-49A3-B4F5-9A426D53D471}.Development Editor|Win64.ActiveCfg = BuiltWithUnrealBuildTool|Win32
		{142FAA99-AD7E-49A3-B4F5-9A426D53D471}.Development Editor|Win64.Build.0 = BuiltWithUnrealBuildTool|Win32
		{142FAA99-AD7E-49A3-B4F5-9A426D53D471}.Development|HTML5.ActiveCfg = BuiltWithUnrealBuildTool|Win32
		{142FAA99-AD7E-49A3-B4F5-9A426D53D471}.Development|HTML5.Build.0 = BuiltWithUnrealBuildTool|Win32
		{142FAA99-AD7E-49A3-B4F5-9A426D53D471}.Development|Win32.ActiveCfg = BuiltWithUnrealBuildTool|Win32
		{142FAA99-AD7E-49A3-B4F5-9A426D53D471}.Development|Win32.Build.0 = BuiltWithUnrealBuildTool|Win32
		{142FAA99-AD7E-49A3-B4F5-9A426D53D471}.Development|Win64.ActiveCfg = BuiltWithUnrealBuildTool|Win32
		{142FAA99-AD7E-49A3-B4F5-9A426D53D471}.Development|Win64.Build.0 = BuiltWithUnrealBuildTool|Win32
		{142FAA99-AD7E-49A3-B4F5-9A426D53D471}.Shipping|HTML5.ActiveCfg = BuiltWithUnrealBuildTool|Win32
		{142FAA99-AD7E-49A3-B4F5-9A426D53D471}.Shipping|HTML5.Build.0 = BuiltWithUnrealBuildTool|Win32
		{142FAA99-AD7E-49A3-B4F5-9A426D53D471}.Shipping|Win32.ActiveCfg = BuiltWithUnrealBuildTool|Win32
		{142FAA99-AD7E-49A3-B4F5-9A426D53D471}.Shipping|Win32.Build.0 = BuiltWithUnrealBuildTool|Win32
		{142FAA99-AD7E-49A3-B4F5-9A426D53D471}.Shipping|Win64.ActiveCfg = BuiltWithUnrealBuildTool|Win32
		{142FAA99-AD7E-49A3-B4F5-9A426D53D471}.Shipping|Win64.Build.0 = BuiltWithUnrealBuildTool|Win32
		{D2442B6F-3B14-4532-9875-C8FD7CB3C3F9}.DebugGame Editor|HTML5.ActiveCfg = HTML5_DebugGame_Editor|Win32
		{D2442B6F-3B14-4532-9875-C8FD7CB3C3F9}.DebugGame Editor|Win32.ActiveCfg = DebugGame_Editor|Win32
		{D2442B6F-3B14-4532-9875-C8FD7CB3C3F9}.DebugGame Editor|Win64.ActiveCfg = DebugGame_Editor|x64
		{D2442B6F-3B14-4532-9875-C8FD7CB3C3F9}.DebugGame Editor|Win64.Build.0 = DebugGame_Editor|x64
		{D2442B6F-3B14-4532-9875-C8FD7CB3C3F9}.DebugGame|HTML5.ActiveCfg = HTML5_DebugGame_Game|Win32
		{D2442B6F-3B14-4532-9875-C8FD7CB3C3F9}.DebugGame|HTML5.Build.0 = HTML5_DebugGame_Game|Win32
		{D2442B6F-3B14-4532-9875-C8FD7CB3C3F9}.DebugGame|Win32.ActiveCfg = DebugGame_Game|Win32
		{D2442B6F-3B14-4532-9875-C8FD7CB3C3F9}.DebugGame|Win32.Build.0 = DebugGame_Game|Win32
		{D2442B6F-3B14-4532-9875-C8FD7CB3C3F9}.DebugGame|Win64.ActiveCfg = DebugGame_Game|x64
		{D2442B6F-3B14-4532-9875-C8FD7CB3C3F9}.DebugGame|Win64.Build.0 = DebugGame_Game|x64
		{D2442B6F-3B14-4532-9875-C8FD7CB3C3F9}.Development Editor|HTML5.ActiveCfg = HTML5_Development_Editor|Win32
		{D2442B6F-3B14-4532-9875-C8FD7CB3C3F9}.Development Editor|Win32.ActiveCfg = Development_Editor|Win32
		{D2442B6F-3B14-4532-9875-C8FD7CB3C3F9}.Development Editor|Win64.ActiveCfg = Development_Editor|x64
		{D2442B6F-3B14-4532-9875-C8FD7CB3C3F9}.Development Editor|Win64.Build.0 = Development_Editor|x64
		{D2442B6F-3B14-4532-9875-C8FD7CB3C3F9}.Development|HTML5.ActiveCfg = HTML5_Development_Game|Win32
		{D2442B6F-3B14-4532-9875-C8FD7CB3C3F9}.Development|HTML5.Build.0 = HTML5_Development_Game|Win32
		{D2442B6F-3B14-4532-9875-C8FD7CB3C3F9}.Development|Win32.ActiveCfg = Development_Game|Win32
		{D2442B6F-3B14-4532-9875-C8FD7CB3C3F9}.Development|Win32.Build.0 = Development_Game|Win32
		{D2442B6F-3B14-4532-9875-C8FD7CB3C3F9}.Development|Win64.ActiveCfg = Development_Game|x64
		{D2442B6F-3B14-4532-9875-C8FD7CB3C3F9}.Development|Win64.Build.0 = Development_Game|x64
		{D2442B6F-3B14-4532-9875-C8FD7CB3C3F9}.Shipping|HTML5.ActiveCfg = HTML5_Shipping_Game|Win32
		{D2442B6F-3B14-4532-9875-C8FD7CB3C3F9}.Shipping|HTML5.Build.0 = HTML5_Shipping_Game|Win32
		{D2442B6F-3B14-4532-9875-C8FD7CB3C3F9}.Shipping|Win32.ActiveCfg = Shipping_Game|Win32
		{D2442B6F-3B14-4532-9875-C8FD7CB3C3F9}.Shipping|Win32.Build.0 = Shipping_Game|Win32
		{D2442B6F-3B14-4532-9875-C8FD7CB3C3F9}.Shipping|Win64.ActiveCfg = Shipping_Game|x64
		{D2442B6F-3B14-4532-9875-C8FD7CB3C3F9}.Shipping|Win64.Build.0 = Shipping_Game|x64
	EndGlobalSection
	GlobalSection(SolutionProperties) = preSolution
		HideSolutionNode = FALSE
	EndGlobalSection
	GlobalSection(NestedProjects) = preSolution
		{142FAA99-AD7E-49A3-B4F5-9A426D53D471} = {4906422F-0394-48F9-9C34-E2BCFDCEBB54}
		{D2442B6F-3B14-4532-9875-C8FD7CB3C3F9} = {CBD76338-AEEB-4566-B3F9-1E5D05C51496}
	EndGlobalSection
EndGlobal
